
Microsoft Visual Studio Solution File, Format Version 12.00
# Visual Studio 15
Project("{FAE04EC0-301F-11D3-BF4B-00C04F79EFBC}") = "BrightnessServiceExample.Android", "BrightnessServiceExample.Android\BrightnessServiceExample.Android.csproj", "{C97783EF-29E1-4696-9A3E-07A262B6DCAA}"
EndProject
Project("{FAE04EC0-301F-11D3-BF4B-00C04F79EFBC}") = "BrightnessServiceExample.iOS", "BrightnessServiceExample.iOS\BrightnessServiceExample.iOS.csproj", "{2295121F-FDB2-440C-AC73-619D2DDC98AE}"
EndProject
Project("{FAE04EC0-301F-11D3-BF4B-00C04F79EFBC}") = "BrightnessServiceExample", "BrightnessServiceExample\BrightnessServiceExample.csproj", "{4860C821-413D-4DE6-8D02-96582098E8C6}"
EndProject
Global
	GlobalSection(SolutionConfigurationPlatforms) = preSolution
		Debug|Any CPU = Debug|Any CPU
		Release|Any CPU = Release|Any CPU
		Debug|iPhoneSimulator = Debug|iPhoneSimulator
		Release|iPhoneSimulator = Release|iPhoneSimulator
		Debug|iPhone = Debug|iPhone
		Release|iPhone = Release|iPhone
	EndGlobalSection
	GlobalSection(ProjectConfigurationPlatforms) = postSolution
		{C97783EF-29E1-4696-9A3E-07A262B6DCAA}.Debug|Any CPU.ActiveCfg = Debug|Any CPU
		{C97783EF-29E1-4696-9A3E-07A262B6DCAA}.Debug|Any CPU.Build.0 = Debug|Any CPU
		{C97783EF-29E1-4696-9A3E-07A262B6DCAA}.Release|Any CPU.ActiveCfg = Release|Any CPU
		{C97783EF-29E1-4696-9A3E-07A262B6DCAA}.Release|Any CPU.Build.0 = Release|Any CPU
		{C97783EF-29E1-4696-9A3E-07A262B6DCAA}.Debug|iPhoneSimulator.ActiveCfg = Debug|Any CPU
		{C97783EF-29E1-4696-9A3E-07A262B6DCAA}.Debug|iPhoneSimulator.Build.0 = Debug|Any CPU
		{C97783EF-29E1-4696-9A3E-07A262B6DCAA}.Release|iPhoneSimulator.ActiveCfg = Release|Any CPU
		{C97783EF-29E1-4696-9A3E-07A262B6DCAA}.Release|iPhoneSimulator.Build.0 = Release|Any CPU
		{C97783EF-29E1-4696-9A3E-07A262B6DCAA}.Debug|iPhone.ActiveCfg = Debug|Any CPU
		{C97783EF-29E1-4696-9A3E-07A262B6DCAA}.Debug|iPhone.Build.0 = Debug|Any CPU
		{C97783EF-29E1-4696-9A3E-07A262B6DCAA}.Release|iPhone.ActiveCfg = Release|Any CPU
		{C97783EF-29E1-4696-9A3E-07A262B6DCAA}.Release|iPhone.Build.0 = Release|Any CPU
		{2295121F-FDB2-440C-AC73-619D2DDC98AE}.Debug|Any CPU.ActiveCfg = Debug|iPhoneSimulator
		{2295121F-FDB2-440C-AC73-619D2DDC98AE}.Debug|Any CPU.Build.0 = Debug|iPhoneSimulator
		{2295121F-FDB2-440C-AC73-619D2DDC98AE}.Release|Any CPU.ActiveCfg = Release|iPhoneSimulator
		{2295121F-FDB2-440C-AC73-619D2DDC98AE}.Release|Any CPU.Build.0 = Release|iPhoneSimulator
		{2295121F-FDB2-440C-AC73-619D2DDC98AE}.Debug|iPhoneSimulator.ActiveCfg = Debug|iPhoneSimulator
		{2295121F-FDB2-440C-AC73-619D2DDC98AE}.Debug|iPhoneSimulator.Build.0 = Debug|iPhoneSimulator
		{2295121F-FDB2-440C-AC73-619D2DDC98AE}.Release|iPhoneSimulator.ActiveCfg = Release|iPhoneSimulator
		{2295121F-FDB2-440C-AC73-619D2DDC98AE}.Release|iPhoneSimulator.Build.0 = Release|iPhoneSimulator
		{2295121F-FDB2-440C-AC73-619D2DDC98AE}.Debug|iPhone.ActiveCfg = Debug|iPhone
		{2295121F-FDB2-440C-AC73-619D2DDC98AE}.Debug|iPhone.Build.0 = Debug|iPhone
		{2295121F-FDB2-440C-AC73-619D2DDC98AE}.Release|iPhone.ActiveCfg = Release|iPhone
		{2295121F-FDB2-440C-AC73-619D2DDC98AE}.Release|iPhone.Build.0 = Release|iPhone
		{4860C821-413D-4DE6-8D02-96582098E8C6}.Debug|Any CPU.ActiveCfg = Debug|Any CPU
		{4860C821-413D-4DE6-8D02-96582098E8C6}.Debug|Any CPU.Build.0 = Debug|Any CPU
		{4860C821-413D-4DE6-8D02-96582098E8C6}.Release|Any CPU.ActiveCfg = Release|Any CPU
		{4860C821-413D-4DE6-8D02-96582098E8C6}.Release|Any CPU.Build.0 = Release|Any CPU
		{4860C821-413D-4DE6-8D02-96582098E8C6}.Debug|iPhoneSimulator.ActiveCfg = Debug|Any CPU
		{4860C821-413D-4DE6-8D02-96582098E8C6}.Debug|iPhoneSimulator.Build.0 = Debug|Any CPU
		{4860C821-413D-4DE6-8D02-96582098E8C6}.Release|iPhoneSimulator.ActiveCfg = Release|Any CPU
		{4860C821-413D-4DE6-8D02-96582098E8C6}.Release|iPhoneSimulator.Build.0 = Release|Any CPU
		{4860C821-413D-4DE6-8D02-96582098E8C6}.Debug|iPhone.ActiveCfg = Debug|Any CPU
		{4860C821-413D-4DE6-8D02-96582098E8C6}.Debug|iPhone.Build.0 = Debug|Any CPU
		{4860C821-413D-4DE6-8D02-96582098E8C6}.Release|iPhone.ActiveCfg = Release|Any CPU
		{4860C821-413D-4DE6-8D02-96582098E8C6}.Release|iPhone.Build.0 = Release|Any CPU
	EndGlobalSection
EndGlobal
