
Microsoft Visual Studio Solution File, Format Version 12.00
# Visual Studio 15
Project("{FAE04EC0-301F-11D3-BF4B-00C04F79EFBC}") = "BrightnessService", "BrightnessService.csproj", "{6E51627D-161F-4559-A01B-14D586550DC8}"
EndProject
Global
	GlobalSection(SolutionConfigurationPlatforms) = preSolution
		Debug|Any CPU = Debug|Any CPU
		Release|Any CPU = Release|Any CPU
	EndGlobalSection
	GlobalSection(ProjectConfigurationPlatforms) = postSolution
		{6E51627D-161F-4559-A01B-14D586550DC8}.Debug|Any CPU.ActiveCfg = Debug|Any CPU
		{6E51627D-161F-4559-A01B-14D586550DC8}.Debug|Any CPU.Build.0 = Debug|Any CPU
		{6E51627D-161F-4559-A01B-14D586550DC8}.Release|Any CPU.ActiveCfg = Release|Any CPU
		{6E51627D-161F-4559-A01B-14D586550DC8}.Release|Any CPU.Build.0 = Release|Any CPU
	EndGlobalSection
EndGlobal
